
Microsoft Visual Studio Solution File, Format Version 12.00
Project("{FAE04EC0-301F-11D3-BF4B-00C04F79EFBC}") = "Backbone.Storage.Cache.Abstractions", "Backbone.Storage.Cache.Abstractions\Backbone.Storage.Cache.Abstractions.csproj", "{20EF9A73-5CFA-46A3-82A2-59EE92AC2972}"
EndProject
Project("{FAE04EC0-301F-11D3-BF4B-00C04F79EFBC}") = "Backbone.Storage.Cache.InMemory.System", "Backbone.Storage.Cache.InMemory.System\Backbone.Storage.Cache.InMemory.System.csproj", "{847D738A-6E3C-4EBD-8A7D-09B21A7AD22B}"
EndProject
Project("{FAE04EC0-301F-11D3-BF4B-00C04F79EFBC}") = "Backbone.Storage.Cache.InMemory.Lazy", "Backbone.Storage.Cache.InMemory.Lazy\Backbone.Storage.Cache.InMemory.Lazy.csproj", "{5A8D0A23-FFA4-45CC-A34A-7F9A7F003840}"
EndProject
Project("{2150E333-8FDC-42A3-9474-1A3956D46DE8}") = "Storage", "Storage", "{88DF72E5-2809-491B-96DE-6F1B302201D3}"
EndProject
Project("{2150E333-8FDC-42A3-9474-1A3956D46DE8}") = "Patterns", "Patterns", "{6E27D44E-DDCB-4DF3-BFBD-4A70BC5DAB7A}"
EndProject
Project("{2150E333-8FDC-42A3-9474-1A3956D46DE8}") = "InMemory", "InMemory", "{09D0C929-0E20-4BBE-B76C-B25B3B0A9E86}"
EndProject
Project("{2150E333-8FDC-42A3-9474-1A3956D46DE8}") = "Lazy", "Lazy", "{3AC36704-2FDB-4616-97EB-E2E2DB72B18F}"
EndProject
Project("{2150E333-8FDC-42A3-9474-1A3956D46DE8}") = "System", "System", "{FA66CE57-9FFE-412C-9B92-91A307C8A92F}"
EndProject
Project("{2150E333-8FDC-42A3-9474-1A3956D46DE8}") = "Distributed", "Distributed", "{89BAF192-432F-4AF9-9FA0-F7CCD76E9675}"
EndProject
Project("{FAE04EC0-301F-11D3-BF4B-00C04F79EFBC}") = "Backbone.Storage.Cache.InMemory.Lazy.DependencyInjection", "Backbone.Storage.Cache.InMemory.Lazy.DependencyInjection\Backbone.Storage.Cache.InMemory.Lazy.DependencyInjection.csproj", "{FCED1EC2-6AC8-4481-ACFB-43F1A24D00B9}"
EndProject
Project("{FAE04EC0-301F-11D3-BF4B-00C04F79EFBC}") = "Backbone.Storage.Cache.InMemory.System.DependencyInjection", "Backbone.Storage.Cache.InMemory.System.DependencyInjection\Backbone.Storage.Cache.InMemory.System.DependencyInjection.csproj", "{90EC79BB-9BD5-4493-991A-3F0D9E958551}"
EndProject
Global
	GlobalSection(SolutionConfigurationPlatforms) = preSolution
		Debug|Any CPU = Debug|Any CPU
		Release|Any CPU = Release|Any CPU
	EndGlobalSection
	GlobalSection(ProjectConfigurationPlatforms) = postSolution
		{20EF9A73-5CFA-46A3-82A2-59EE92AC2972}.Debug|Any CPU.ActiveCfg = Debug|Any CPU
		{20EF9A73-5CFA-46A3-82A2-59EE92AC2972}.Debug|Any CPU.Build.0 = Debug|Any CPU
		{20EF9A73-5CFA-46A3-82A2-59EE92AC2972}.Release|Any CPU.ActiveCfg = Release|Any CPU
		{20EF9A73-5CFA-46A3-82A2-59EE92AC2972}.Release|Any CPU.Build.0 = Release|Any CPU
		{847D738A-6E3C-4EBD-8A7D-09B21A7AD22B}.Debug|Any CPU.ActiveCfg = Debug|Any CPU
		{847D738A-6E3C-4EBD-8A7D-09B21A7AD22B}.Debug|Any CPU.Build.0 = Debug|Any CPU
		{847D738A-6E3C-4EBD-8A7D-09B21A7AD22B}.Release|Any CPU.ActiveCfg = Release|Any CPU
		{847D738A-6E3C-4EBD-8A7D-09B21A7AD22B}.Release|Any CPU.Build.0 = Release|Any CPU
		{5A8D0A23-FFA4-45CC-A34A-7F9A7F003840}.Debug|Any CPU.ActiveCfg = Debug|Any CPU
		{5A8D0A23-FFA4-45CC-A34A-7F9A7F003840}.Debug|Any CPU.Build.0 = Debug|Any CPU
		{5A8D0A23-FFA4-45CC-A34A-7F9A7F003840}.Release|Any CPU.ActiveCfg = Release|Any CPU
		{5A8D0A23-FFA4-45CC-A34A-7F9A7F003840}.Release|Any CPU.Build.0 = Release|Any CPU
		{FCED1EC2-6AC8-4481-ACFB-43F1A24D00B9}.Debug|Any CPU.ActiveCfg = Debug|Any CPU
		{FCED1EC2-6AC8-4481-ACFB-43F1A24D00B9}.Debug|Any CPU.Build.0 = Debug|Any CPU
		{FCED1EC2-6AC8-4481-ACFB-43F1A24D00B9}.Release|Any CPU.ActiveCfg = Release|Any CPU
		{FCED1EC2-6AC8-4481-ACFB-43F1A24D00B9}.Release|Any CPU.Build.0 = Release|Any CPU
		{90EC79BB-9BD5-4493-991A-3F0D9E958551}.Debug|Any CPU.ActiveCfg = Debug|Any CPU
		{90EC79BB-9BD5-4493-991A-3F0D9E958551}.Debug|Any CPU.Build.0 = Debug|Any CPU
		{90EC79BB-9BD5-4493-991A-3F0D9E958551}.Release|Any CPU.ActiveCfg = Release|Any CPU
		{90EC79BB-9BD5-4493-991A-3F0D9E958551}.Release|Any CPU.Build.0 = Release|Any CPU
	EndGlobalSection
	GlobalSection(NestedProjects) = preSolution
		{09D0C929-0E20-4BBE-B76C-B25B3B0A9E86} = {88DF72E5-2809-491B-96DE-6F1B302201D3}
		{89BAF192-432F-4AF9-9FA0-F7CCD76E9675} = {88DF72E5-2809-491B-96DE-6F1B302201D3}
		{3AC36704-2FDB-4616-97EB-E2E2DB72B18F} = {09D0C929-0E20-4BBE-B76C-B25B3B0A9E86}
		{FA66CE57-9FFE-412C-9B92-91A307C8A92F} = {09D0C929-0E20-4BBE-B76C-B25B3B0A9E86}
		{5A8D0A23-FFA4-45CC-A34A-7F9A7F003840} = {3AC36704-2FDB-4616-97EB-E2E2DB72B18F}
		{847D738A-6E3C-4EBD-8A7D-09B21A7AD22B} = {FA66CE57-9FFE-412C-9B92-91A307C8A92F}
		{FCED1EC2-6AC8-4481-ACFB-43F1A24D00B9} = {3AC36704-2FDB-4616-97EB-E2E2DB72B18F}
		{90EC79BB-9BD5-4493-991A-3F0D9E958551} = {FA66CE57-9FFE-412C-9B92-91A307C8A92F}
	EndGlobalSection
EndGlobal
